// !$*UTF8*$!
{
	archiveVersion = 1;
	classes = {
	};
	objectVersion = 50;
	objects = {

/* Begin PBXBuildFile section */
		161ECD7524EB094D00444C7A /* ProfileView.swift in Sources */ = {isa = PBXBuildFile; fileRef = 161ECD7424EB094D00444C7A /* ProfileView.swift */; };
		1648A096250AC711009DB233 /* DetailedCache.swift in Sources */ = {isa = PBXBuildFile; fileRef = 1648A095250AC711009DB233 /* DetailedCache.swift */; };
		1669294E24E72ABB00ADC142 /* DetailedView.swift in Sources */ = {isa = PBXBuildFile; fileRef = 1669294D24E72ABB00ADC142 /* DetailedView.swift */; };
		1669295024E72BFF00ADC142 /* MapView.swift in Sources */ = {isa = PBXBuildFile; fileRef = 1669294F24E72BFF00ADC142 /* MapView.swift */; };
		16712A7124E472610010967B /* AppDelegate.swift in Sources */ = {isa = PBXBuildFile; fileRef = 16712A7024E472610010967B /* AppDelegate.swift */; };
		16712A7324E472610010967B /* SceneDelegate.swift in Sources */ = {isa = PBXBuildFile; fileRef = 16712A7224E472610010967B /* SceneDelegate.swift */; };
		16712A7624E472610010967B /* Catfish.xcdatamodeld in Sources */ = {isa = PBXBuildFile; fileRef = 16712A7424E472610010967B /* Catfish.xcdatamodeld */; };
		16712A7824E472610010967B /* SwipeView.swift in Sources */ = {isa = PBXBuildFile; fileRef = 16712A7724E472610010967B /* SwipeView.swift */; };
		16712A7A24E472620010967B /* Assets.xcassets in Resources */ = {isa = PBXBuildFile; fileRef = 16712A7924E472620010967B /* Assets.xcassets */; };
		16712A7D24E472620010967B /* Preview Assets.xcassets in Resources */ = {isa = PBXBuildFile; fileRef = 16712A7C24E472620010967B /* Preview Assets.xcassets */; };
		16712A8024E472620010967B /* LaunchScreen.storyboard in Resources */ = {isa = PBXBuildFile; fileRef = 16712A7E24E472620010967B /* LaunchScreen.storyboard */; };
		16712A8824E47FCF0010967B /* RestaurantAPI.swift in Sources */ = {isa = PBXBuildFile; fileRef = 16712A8724E47FCF0010967B /* RestaurantAPI.swift */; };
		16712A8A24E48ABD0010967B /* FilterRestaurants.swift in Sources */ = {isa = PBXBuildFile; fileRef = 16712A8924E48ABD0010967B /* FilterRestaurants.swift */; };
		16712A9024E5CCF90010967B /* Restaurant.swift in Sources */ = {isa = PBXBuildFile; fileRef = 16712A8F24E5CCF90010967B /* Restaurant.swift */; };
		16712A9224E5D4FA0010967B /* StarSlider.swift in Sources */ = {isa = PBXBuildFile; fileRef = 16712A9124E5D4FA0010967B /* StarSlider.swift */; };
		16712A9424E713D60010967B /* MoneySlider.swift in Sources */ = {isa = PBXBuildFile; fileRef = 16712A9324E713D60010967B /* MoneySlider.swift */; };
		16AB5E2324FC2C9F00DA792E /* ImageView.swift in Sources */ = {isa = PBXBuildFile; fileRef = 16AB5E2224FC2C9F00DA792E /* ImageView.swift */; };
		16AB5E2724FC2FCA00DA792E /* ImageLoader.swift in Sources */ = {isa = PBXBuildFile; fileRef = 16AB5E2624FC2FCA00DA792E /* ImageLoader.swift */; };
		16AB5E2924FC464D00DA792E /* StarView.swift in Sources */ = {isa = PBXBuildFile; fileRef = 16AB5E2824FC464D00DA792E /* StarView.swift */; };
		16AB5E2B24FC49D300DA792E /* PriceView.swift in Sources */ = {isa = PBXBuildFile; fileRef = 16AB5E2A24FC49D300DA792E /* PriceView.swift */; };
		16AB5E2D24FC5CBC00DA792E /* DetailedAPI.swift in Sources */ = {isa = PBXBuildFile; fileRef = 16AB5E2C24FC5CBC00DA792E /* DetailedAPI.swift */; };
		16B4B365250801F60073CDD9 /* Restaurants.swift in Sources */ = {isa = PBXBuildFile; fileRef = 16B4B364250801F60073CDD9 /* Restaurants.swift */; };
		16C30CAA2506AD3E000CCE88 /* CatfishView.swift in Sources */ = {isa = PBXBuildFile; fileRef = 16C30CA92506AD3E000CCE88 /* CatfishView.swift */; };
		16C30CAC2506CE03000CCE88 /* ButtonsView.swift in Sources */ = {isa = PBXBuildFile; fileRef = 16C30CAB2506CE03000CCE88 /* ButtonsView.swift */; };
		16CA372F25105BA400DE5848 /* FilterSearchBar.swift in Sources */ = {isa = PBXBuildFile; fileRef = 16CA372E25105BA400DE5848 /* FilterSearchBar.swift */; };
		16D1F09324FEDF7B00A28FD2 /* JSONData.json in Resources */ = {isa = PBXBuildFile; fileRef = 16D1F09224FEDF7B00A28FD2 /* JSONData.json */; };
		16D1F09624FF00B900A28FD2 /* UserData.swift in Sources */ = {isa = PBXBuildFile; fileRef = 16D1F09524FF00B900A28FD2 /* UserData.swift */; };
		16DC2B5C24FD6768006D84F8 /* HoursView.swift in Sources */ = {isa = PBXBuildFile; fileRef = 16DC2B5B24FD6768006D84F8 /* HoursView.swift */; };
		16DC2B5E24FD9AF0006D84F8 /* PickerView.swift in Sources */ = {isa = PBXBuildFile; fileRef = 16DC2B5D24FD9AF0006D84F8 /* PickerView.swift */; };
		16DC2B6024FD9EBA006D84F8 /* LocationManager.swift in Sources */ = {isa = PBXBuildFile; fileRef = 16DC2B5F24FD9EBA006D84F8 /* LocationManager.swift */; };
		16DF02DD2500063C0045E390 /* PhotosView.swift in Sources */ = {isa = PBXBuildFile; fileRef = 16DF02DC2500063C0045E390 /* PhotosView.swift */; };
		16DF02DF2500185C0045E390 /* ShareSheet.swift in Sources */ = {isa = PBXBuildFile; fileRef = 16DF02DE2500185C0045E390 /* ShareSheet.swift */; };
		16DF02E1250031DC0045E390 /* RestaurantRow.swift in Sources */ = {isa = PBXBuildFile; fileRef = 16DF02E0250031DC0045E390 /* RestaurantRow.swift */; };
		16DF02E325003C9D0045E390 /* ListView.swift in Sources */ = {isa = PBXBuildFile; fileRef = 16DF02E225003C9D0045E390 /* ListView.swift */; };
		16DF02E5250041370045E390 /* ReviewsView.swift in Sources */ = {isa = PBXBuildFile; fileRef = 16DF02E4250041370045E390 /* ReviewsView.swift */; };
		16DF02E7250041400045E390 /* ReviewAPI.swift in Sources */ = {isa = PBXBuildFile; fileRef = 16DF02E6250041400045E390 /* ReviewAPI.swift */; };
		16DF02E92500414A0045E390 /* ReviewRowView.swift in Sources */ = {isa = PBXBuildFile; fileRef = 16DF02E82500414A0045E390 /* ReviewRowView.swift */; };
		16E11F852509433F004EF788 /* SearchBar.swift in Sources */ = {isa = PBXBuildFile; fileRef = 16E11F842509433F004EF788 /* SearchBar.swift */; };
		16EE7B85250975E800CFA463 /* ImageCache.swift in Sources */ = {isa = PBXBuildFile; fileRef = 16EE7B84250975E800CFA463 /* ImageCache.swift */; };
		16FA5F942505762E00F627F7 /* EmptyRestaurantView.swift in Sources */ = {isa = PBXBuildFile; fileRef = 16FA5F932505762E00F627F7 /* EmptyRestaurantView.swift */; };
/* End PBXBuildFile section */

/* Begin PBXFileReference section */
		161ECD7424EB094D00444C7A /* ProfileView.swift */ = {isa = PBXFileReference; lastKnownFileType = sourcecode.swift; path = ProfileView.swift; sourceTree = "<group>"; };
		1648A095250AC711009DB233 /* DetailedCache.swift */ = {isa = PBXFileReference; lastKnownFileType = sourcecode.swift; path = DetailedCache.swift; sourceTree = "<group>"; };
		1669294D24E72ABB00ADC142 /* DetailedView.swift */ = {isa = PBXFileReference; lastKnownFileType = sourcecode.swift; path = DetailedView.swift; sourceTree = "<group>"; };
		1669294F24E72BFF00ADC142 /* MapView.swift */ = {isa = PBXFileReference; lastKnownFileType = sourcecode.swift; path = MapView.swift; sourceTree = "<group>"; };
		16712A6D24E472610010967B /* Catfish.app */ = {isa = PBXFileReference; explicitFileType = wrapper.application; includeInIndex = 0; path = Catfish.app; sourceTree = BUILT_PRODUCTS_DIR; };
		16712A7024E472610010967B /* AppDelegate.swift */ = {isa = PBXFileReference; lastKnownFileType = sourcecode.swift; path = AppDelegate.swift; sourceTree = "<group>"; };
		16712A7224E472610010967B /* SceneDelegate.swift */ = {isa = PBXFileReference; lastKnownFileType = sourcecode.swift; path = SceneDelegate.swift; sourceTree = "<group>"; };
		16712A7524E472610010967B /* Catfish.xcdatamodel */ = {isa = PBXFileReference; lastKnownFileType = wrapper.xcdatamodel; path = Catfish.xcdatamodel; sourceTree = "<group>"; };
		16712A7724E472610010967B /* SwipeView.swift */ = {isa = PBXFileReference; lastKnownFileType = sourcecode.swift; path = SwipeView.swift; sourceTree = "<group>"; };
		16712A7924E472620010967B /* Assets.xcassets */ = {isa = PBXFileReference; lastKnownFileType = folder.assetcatalog; path = Assets.xcassets; sourceTree = "<group>"; };
		16712A7C24E472620010967B /* Preview Assets.xcassets */ = {isa = PBXFileReference; lastKnownFileType = folder.assetcatalog; path = "Preview Assets.xcassets"; sourceTree = "<group>"; };
		16712A7F24E472620010967B /* Base */ = {isa = PBXFileReference; lastKnownFileType = file.storyboard; name = Base; path = Base.lproj/LaunchScreen.storyboard; sourceTree = "<group>"; };
		16712A8124E472620010967B /* Info.plist */ = {isa = PBXFileReference; lastKnownFileType = text.plist.xml; path = Info.plist; sourceTree = "<group>"; };
		16712A8724E47FCF0010967B /* RestaurantAPI.swift */ = {isa = PBXFileReference; lastKnownFileType = sourcecode.swift; path = RestaurantAPI.swift; sourceTree = "<group>"; };
		16712A8924E48ABD0010967B /* FilterRestaurants.swift */ = {isa = PBXFileReference; lastKnownFileType = sourcecode.swift; path = FilterRestaurants.swift; sourceTree = "<group>"; };
		16712A8F24E5CCF90010967B /* Restaurant.swift */ = {isa = PBXFileReference; lastKnownFileType = sourcecode.swift; path = Restaurant.swift; sourceTree = "<group>"; };
		16712A9124E5D4FA0010967B /* StarSlider.swift */ = {isa = PBXFileReference; lastKnownFileType = sourcecode.swift; path = StarSlider.swift; sourceTree = "<group>"; };
		16712A9324E713D60010967B /* MoneySlider.swift */ = {isa = PBXFileReference; lastKnownFileType = sourcecode.swift; path = MoneySlider.swift; sourceTree = "<group>"; };
		16AB5E2224FC2C9F00DA792E /* ImageView.swift */ = {isa = PBXFileReference; lastKnownFileType = sourcecode.swift; path = ImageView.swift; sourceTree = "<group>"; };
		16AB5E2624FC2FCA00DA792E /* ImageLoader.swift */ = {isa = PBXFileReference; lastKnownFileType = sourcecode.swift; path = ImageLoader.swift; sourceTree = "<group>"; };
		16AB5E2824FC464D00DA792E /* StarView.swift */ = {isa = PBXFileReference; lastKnownFileType = sourcecode.swift; path = StarView.swift; sourceTree = "<group>"; };
		16AB5E2A24FC49D300DA792E /* PriceView.swift */ = {isa = PBXFileReference; lastKnownFileType = sourcecode.swift; path = PriceView.swift; sourceTree = "<group>"; };
		16AB5E2C24FC5CBC00DA792E /* DetailedAPI.swift */ = {isa = PBXFileReference; lastKnownFileType = sourcecode.swift; path = DetailedAPI.swift; sourceTree = "<group>"; };
		16B4B364250801F60073CDD9 /* Restaurants.swift */ = {isa = PBXFileReference; lastKnownFileType = sourcecode.swift; path = Restaurants.swift; sourceTree = "<group>"; };
		16C30CA92506AD3E000CCE88 /* CatfishView.swift */ = {isa = PBXFileReference; lastKnownFileType = sourcecode.swift; path = CatfishView.swift; sourceTree = "<group>"; };
		16C30CAB2506CE03000CCE88 /* ButtonsView.swift */ = {isa = PBXFileReference; lastKnownFileType = sourcecode.swift; path = ButtonsView.swift; sourceTree = "<group>"; };
		16CA372E25105BA400DE5848 /* FilterSearchBar.swift */ = {isa = PBXFileReference; lastKnownFileType = sourcecode.swift; path = FilterSearchBar.swift; sourceTree = "<group>"; };
		16D1F09224FEDF7B00A28FD2 /* JSONData.json */ = {isa = PBXFileReference; fileEncoding = 4; lastKnownFileType = text.json; path = JSONData.json; sourceTree = "<group>"; };
		16D1F09524FF00B900A28FD2 /* UserData.swift */ = {isa = PBXFileReference; lastKnownFileType = sourcecode.swift; path = UserData.swift; sourceTree = "<group>"; };
		16DC2B5B24FD6768006D84F8 /* HoursView.swift */ = {isa = PBXFileReference; lastKnownFileType = sourcecode.swift; path = HoursView.swift; sourceTree = "<group>"; };
		16DC2B5D24FD9AF0006D84F8 /* PickerView.swift */ = {isa = PBXFileReference; lastKnownFileType = sourcecode.swift; path = PickerView.swift; sourceTree = "<group>"; };
		16DC2B5F24FD9EBA006D84F8 /* LocationManager.swift */ = {isa = PBXFileReference; lastKnownFileType = sourcecode.swift; path = LocationManager.swift; sourceTree = "<group>"; };
		16DF02DC2500063C0045E390 /* PhotosView.swift */ = {isa = PBXFileReference; lastKnownFileType = sourcecode.swift; path = PhotosView.swift; sourceTree = "<group>"; };
		16DF02DE2500185C0045E390 /* ShareSheet.swift */ = {isa = PBXFileReference; lastKnownFileType = sourcecode.swift; path = ShareSheet.swift; sourceTree = "<group>"; };
		16DF02E0250031DC0045E390 /* RestaurantRow.swift */ = {isa = PBXFileReference; lastKnownFileType = sourcecode.swift; path = RestaurantRow.swift; sourceTree = "<group>"; };
		16DF02E225003C9D0045E390 /* ListView.swift */ = {isa = PBXFileReference; lastKnownFileType = sourcecode.swift; path = ListView.swift; sourceTree = "<group>"; };
		16DF02E4250041370045E390 /* ReviewsView.swift */ = {isa = PBXFileReference; lastKnownFileType = sourcecode.swift; path = ReviewsView.swift; sourceTree = "<group>"; };
		16DF02E6250041400045E390 /* ReviewAPI.swift */ = {isa = PBXFileReference; lastKnownFileType = sourcecode.swift; path = ReviewAPI.swift; sourceTree = "<group>"; };
		16DF02E82500414A0045E390 /* ReviewRowView.swift */ = {isa = PBXFileReference; lastKnownFileType = sourcecode.swift; path = ReviewRowView.swift; sourceTree = "<group>"; };
		16E11F842509433F004EF788 /* SearchBar.swift */ = {isa = PBXFileReference; lastKnownFileType = sourcecode.swift; path = SearchBar.swift; sourceTree = "<group>"; };
		16EE7B84250975E800CFA463 /* ImageCache.swift */ = {isa = PBXFileReference; lastKnownFileType = sourcecode.swift; path = ImageCache.swift; sourceTree = "<group>"; };
		16FA5F932505762E00F627F7 /* EmptyRestaurantView.swift */ = {isa = PBXFileReference; lastKnownFileType = sourcecode.swift; path = EmptyRestaurantView.swift; sourceTree = "<group>"; };
/* End PBXFileReference section */

/* Begin PBXFrameworksBuildPhase section */
		16712A6A24E472610010967B /* Frameworks */ = {
			isa = PBXFrameworksBuildPhase;
			buildActionMask = 2147483647;
			files = (
			);
			runOnlyForDeploymentPostprocessing = 0;
		};
/* End PBXFrameworksBuildPhase section */

/* Begin PBXGroup section */
		16712A6424E472610010967B = {
			isa = PBXGroup;
			children = (
				16712A6F24E472610010967B /* Catfish */,
				16712A6E24E472610010967B /* Products */,
			);
			sourceTree = "<group>";
		};
		16712A6E24E472610010967B /* Products */ = {
			isa = PBXGroup;
			children = (
				16712A6D24E472610010967B /* Catfish.app */,
			);
			name = Products;
			sourceTree = "<group>";
		};
		16712A6F24E472610010967B /* Catfish */ = {
			isa = PBXGroup;
			children = (
				16D1F09424FF002C00A28FD2 /* Subviews */,
				16712A7024E472610010967B /* AppDelegate.swift */,
				16712A7224E472610010967B /* SceneDelegate.swift */,
				16712A7724E472610010967B /* SwipeView.swift */,
				16C30CAB2506CE03000CCE88 /* ButtonsView.swift */,
				16C30CA92506AD3E000CCE88 /* CatfishView.swift */,
				16FA5F932505762E00F627F7 /* EmptyRestaurantView.swift */,
				16DF02E4250041370045E390 /* ReviewsView.swift */,
				16EE7B84250975E800CFA463 /* ImageCache.swift */,
				16DF02E6250041400045E390 /* ReviewAPI.swift */,
				16E11F842509433F004EF788 /* SearchBar.swift */,
				16DF02E82500414A0045E390 /* ReviewRowView.swift */,
				16DF02E0250031DC0045E390 /* RestaurantRow.swift */,
				16AB5E2A24FC49D300DA792E /* PriceView.swift */,
				16DC2B5B24FD6768006D84F8 /* HoursView.swift */,
				1669294F24E72BFF00ADC142 /* MapView.swift */,
				16DF02DC2500063C0045E390 /* PhotosView.swift */,
				16AB5E2824FC464D00DA792E /* StarView.swift */,
				16712A9324E713D60010967B /* MoneySlider.swift */,
				16712A9124E5D4FA0010967B /* StarSlider.swift */,
				16AB5E2224FC2C9F00DA792E /* ImageView.swift */,
				16D1F09524FF00B900A28FD2 /* UserData.swift */,
				16AB5E2624FC2FCA00DA792E /* ImageLoader.swift */,
				161ECD7424EB094D00444C7A /* ProfileView.swift */,
				16DF02E225003C9D0045E390 /* ListView.swift */,
				1669294D24E72ABB00ADC142 /* DetailedView.swift */,
				16DF02DE2500185C0045E390 /* ShareSheet.swift */,
				16AB5E2C24FC5CBC00DA792E /* DetailedAPI.swift */,
				1648A095250AC711009DB233 /* DetailedCache.swift */,
				16712A8924E48ABD0010967B /* FilterRestaurants.swift */,
				16CA372E25105BA400DE5848 /* FilterSearchBar.swift */,
				16DC2B5D24FD9AF0006D84F8 /* PickerView.swift */,
				16D1F09224FEDF7B00A28FD2 /* JSONData.json */,
				16712A8724E47FCF0010967B /* RestaurantAPI.swift */,
				16DC2B5F24FD9EBA006D84F8 /* LocationManager.swift */,
				16712A8F24E5CCF90010967B /* Restaurant.swift */,
				16B4B364250801F60073CDD9 /* Restaurants.swift */,
				16712A7924E472620010967B /* Assets.xcassets */,
				16712A7E24E472620010967B /* LaunchScreen.storyboard */,
				16712A8124E472620010967B /* Info.plist */,
				16712A7424E472610010967B /* Catfish.xcdatamodeld */,
				16712A7B24E472620010967B /* Preview Content */,
			);
			path = Catfish;
			sourceTree = "<group>";
		};
		16712A7B24E472620010967B /* Preview Content */ = {
			isa = PBXGroup;
			children = (
				16712A7C24E472620010967B /* Preview Assets.xcassets */,
			);
			path = "Preview Content";
			sourceTree = "<group>";
		};
		16D1F09424FF002C00A28FD2 /* Subviews */ = {
			isa = PBXGroup;
			children = (
			);
			path = Subviews;
			sourceTree = "<group>";
		};
/* End PBXGroup section */

/* Begin PBXNativeTarget section */
		16712A6C24E472610010967B /* Catfish */ = {
			isa = PBXNativeTarget;
			buildConfigurationList = 16712A8424E472620010967B /* Build configuration list for PBXNativeTarget "Catfish" */;
			buildPhases = (
				16712A6924E472610010967B /* Sources */,
				16712A6A24E472610010967B /* Frameworks */,
				16712A6B24E472610010967B /* Resources */,
			);
			buildRules = (
			);
			dependencies = (
			);
			name = Catfish;
			productName = Catfish;
			productReference = 16712A6D24E472610010967B /* Catfish.app */;
			productType = "com.apple.product-type.application";
		};
/* End PBXNativeTarget section */

/* Begin PBXProject section */
		16712A6524E472610010967B /* Project object */ = {
			isa = PBXProject;
			attributes = {
				LastSwiftUpdateCheck = 1160;
				LastUpgradeCheck = 1200;
				ORGANIZATIONNAME = "Yak Fishman";
				TargetAttributes = {
					16712A6C24E472610010967B = {
						CreatedOnToolsVersion = 11.6;
					};
				};
			};
			buildConfigurationList = 16712A6824E472610010967B /* Build configuration list for PBXProject "Catfish" */;
			compatibilityVersion = "Xcode 9.3";
			developmentRegion = en;
			hasScannedForEncodings = 0;
			knownRegions = (
				en,
				Base,
			);
			mainGroup = 16712A6424E472610010967B;
			productRefGroup = 16712A6E24E472610010967B /* Products */;
			projectDirPath = "";
			projectRoot = "";
			targets = (
				16712A6C24E472610010967B /* Catfish */,
			);
		};
/* End PBXProject section */

/* Begin PBXResourcesBuildPhase section */
		16712A6B24E472610010967B /* Resources */ = {
			isa = PBXResourcesBuildPhase;
			buildActionMask = 2147483647;
			files = (
				16712A8024E472620010967B /* LaunchScreen.storyboard in Resources */,
				16712A7D24E472620010967B /* Preview Assets.xcassets in Resources */,
				16D1F09324FEDF7B00A28FD2 /* JSONData.json in Resources */,
				16712A7A24E472620010967B /* Assets.xcassets in Resources */,
			);
			runOnlyForDeploymentPostprocessing = 0;
		};
/* End PBXResourcesBuildPhase section */

/* Begin PBXSourcesBuildPhase section */
		16712A6924E472610010967B /* Sources */ = {
			isa = PBXSourcesBuildPhase;
			buildActionMask = 2147483647;
			files = (
				16DF02DD2500063C0045E390 /* PhotosView.swift in Sources */,
				161ECD7524EB094D00444C7A /* ProfileView.swift in Sources */,
				1669295024E72BFF00ADC142 /* MapView.swift in Sources */,
				16712A8A24E48ABD0010967B /* FilterRestaurants.swift in Sources */,
				16AB5E2B24FC49D300DA792E /* PriceView.swift in Sources */,
				16EE7B85250975E800CFA463 /* ImageCache.swift in Sources */,
				16712A8824E47FCF0010967B /* RestaurantAPI.swift in Sources */,
				1669294E24E72ABB00ADC142 /* DetailedView.swift in Sources */,
				16DF02DF2500185C0045E390 /* ShareSheet.swift in Sources */,
				16CA372F25105BA400DE5848 /* FilterSearchBar.swift in Sources */,
				16AB5E2724FC2FCA00DA792E /* ImageLoader.swift in Sources */,
				16FA5F942505762E00F627F7 /* EmptyRestaurantView.swift in Sources */,
				16DF02E5250041370045E390 /* ReviewsView.swift in Sources */,
				16DC2B5E24FD9AF0006D84F8 /* PickerView.swift in Sources */,
				16712A9424E713D60010967B /* MoneySlider.swift in Sources */,
				16D1F09624FF00B900A28FD2 /* UserData.swift in Sources */,
				16712A7124E472610010967B /* AppDelegate.swift in Sources */,
				16E11F852509433F004EF788 /* SearchBar.swift in Sources */,
				16DF02E92500414A0045E390 /* ReviewRowView.swift in Sources */,
				16DF02E7250041400045E390 /* ReviewAPI.swift in Sources */,
				16712A9024E5CCF90010967B /* Restaurant.swift in Sources */,
				16DF02E325003C9D0045E390 /* ListView.swift in Sources */,
				16712A9224E5D4FA0010967B /* StarSlider.swift in Sources */,
				16DF02E1250031DC0045E390 /* RestaurantRow.swift in Sources */,
				16712A7324E472610010967B /* SceneDelegate.swift in Sources */,
				1648A096250AC711009DB233 /* DetailedCache.swift in Sources */,
				16C30CAC2506CE03000CCE88 /* ButtonsView.swift in Sources */,
				16AB5E2D24FC5CBC00DA792E /* DetailedAPI.swift in Sources */,
				16DC2B5C24FD6768006D84F8 /* HoursView.swift in Sources */,
				16B4B365250801F60073CDD9 /* Restaurants.swift in Sources */,
				16712A7824E472610010967B /* SwipeView.swift in Sources */,
				16DC2B6024FD9EBA006D84F8 /* LocationManager.swift in Sources */,
				16AB5E2324FC2C9F00DA792E /* ImageView.swift in Sources */,
				16AB5E2924FC464D00DA792E /* StarView.swift in Sources */,
				16712A7624E472610010967B /* Catfish.xcdatamodeld in Sources */,
				16C30CAA2506AD3E000CCE88 /* CatfishView.swift in Sources */,
			);
			runOnlyForDeploymentPostprocessing = 0;
		};
/* End PBXSourcesBuildPhase section */

/* Begin PBXVariantGroup section */
		16712A7E24E472620010967B /* LaunchScreen.storyboard */ = {
			isa = PBXVariantGroup;
			children = (
				16712A7F24E472620010967B /* Base */,
			);
			name = LaunchScreen.storyboard;
			sourceTree = "<group>";
		};
/* End PBXVariantGroup section */

/* Begin XCBuildConfiguration section */
		16712A8224E472620010967B /* Debug */ = {
			isa = XCBuildConfiguration;
			buildSettings = {
				ALWAYS_SEARCH_USER_PATHS = NO;
				CLANG_ANALYZER_NONNULL = YES;
				CLANG_ANALYZER_NUMBER_OBJECT_CONVERSION = YES_AGGRESSIVE;
				CLANG_CXX_LANGUAGE_STANDARD = "gnu++14";
				CLANG_CXX_LIBRARY = "libc++";
				CLANG_ENABLE_MODULES = YES;
				CLANG_ENABLE_OBJC_ARC = YES;
				CLANG_ENABLE_OBJC_WEAK = YES;
				CLANG_WARN_BLOCK_CAPTURE_AUTORELEASING = YES;
				CLANG_WARN_BOOL_CONVERSION = YES;
				CLANG_WARN_COMMA = YES;
				CLANG_WARN_CONSTANT_CONVERSION = YES;
				CLANG_WARN_DEPRECATED_OBJC_IMPLEMENTATIONS = YES;
				CLANG_WARN_DIRECT_OBJC_ISA_USAGE = YES_ERROR;
				CLANG_WARN_DOCUMENTATION_COMMENTS = YES;
				CLANG_WARN_EMPTY_BODY = YES;
				CLANG_WARN_ENUM_CONVERSION = YES;
				CLANG_WARN_INFINITE_RECURSION = YES;
				CLANG_WARN_INT_CONVERSION = YES;
				CLANG_WARN_NON_LITERAL_NULL_CONVERSION = YES;
				CLANG_WARN_OBJC_IMPLICIT_RETAIN_SELF = YES;
				CLANG_WARN_OBJC_LITERAL_CONVERSION = YES;
				CLANG_WARN_OBJC_ROOT_CLASS = YES_ERROR;
				CLANG_WARN_QUOTED_INCLUDE_IN_FRAMEWORK_HEADER = YES;
				CLANG_WARN_RANGE_LOOP_ANALYSIS = YES;
				CLANG_WARN_STRICT_PROTOTYPES = YES;
				CLANG_WARN_SUSPICIOUS_MOVE = YES;
				CLANG_WARN_UNGUARDED_AVAILABILITY = YES_AGGRESSIVE;
				CLANG_WARN_UNREACHABLE_CODE = YES;
				CLANG_WARN__DUPLICATE_METHOD_MATCH = YES;
				COPY_PHASE_STRIP = NO;
				DEBUG_INFORMATION_FORMAT = dwarf;
				ENABLE_STRICT_OBJC_MSGSEND = YES;
				ENABLE_TESTABILITY = YES;
				GCC_C_LANGUAGE_STANDARD = gnu11;
				GCC_DYNAMIC_NO_PIC = NO;
				GCC_NO_COMMON_BLOCKS = YES;
				GCC_OPTIMIZATION_LEVEL = 0;
				GCC_PREPROCESSOR_DEFINITIONS = (
					"DEBUG=1",
					"$(inherited)",
				);
				GCC_WARN_64_TO_32_BIT_CONVERSION = YES;
				GCC_WARN_ABOUT_RETURN_TYPE = YES_ERROR;
				GCC_WARN_UNDECLARED_SELECTOR = YES;
				GCC_WARN_UNINITIALIZED_AUTOS = YES_AGGRESSIVE;
				GCC_WARN_UNUSED_FUNCTION = YES;
				GCC_WARN_UNUSED_VARIABLE = YES;
				IPHONEOS_DEPLOYMENT_TARGET = 13.6;
				MTL_ENABLE_DEBUG_INFO = INCLUDE_SOURCE;
				MTL_FAST_MATH = YES;
				ONLY_ACTIVE_ARCH = YES;
				SDKROOT = iphoneos;
				SWIFT_ACTIVE_COMPILATION_CONDITIONS = DEBUG;
				SWIFT_OPTIMIZATION_LEVEL = "-Onone";
			};
			name = Debug;
		};
		16712A8324E472620010967B /* Release */ = {
			isa = XCBuildConfiguration;
			buildSettings = {
				ALWAYS_SEARCH_USER_PATHS = NO;
				CLANG_ANALYZER_NONNULL = YES;
				CLANG_ANALYZER_NUMBER_OBJECT_CONVERSION = YES_AGGRESSIVE;
				CLANG_CXX_LANGUAGE_STANDARD = "gnu++14";
				CLANG_CXX_LIBRARY = "libc++";
				CLANG_ENABLE_MODULES = YES;
				CLANG_ENABLE_OBJC_ARC = YES;
				CLANG_ENABLE_OBJC_WEAK = YES;
				CLANG_WARN_BLOCK_CAPTURE_AUTORELEASING = YES;
				CLANG_WARN_BOOL_CONVERSION = YES;
				CLANG_WARN_COMMA = YES;
				CLANG_WARN_CONSTANT_CONVERSION = YES;
				CLANG_WARN_DEPRECATED_OBJC_IMPLEMENTATIONS = YES;
				CLANG_WARN_DIRECT_OBJC_ISA_USAGE = YES_ERROR;
				CLANG_WARN_DOCUMENTATION_COMMENTS = YES;
				CLANG_WARN_EMPTY_BODY = YES;
				CLANG_WARN_ENUM_CONVERSION = YES;
				CLANG_WARN_INFINITE_RECURSION = YES;
				CLANG_WARN_INT_CONVERSION = YES;
				CLANG_WARN_NON_LITERAL_NULL_CONVERSION = YES;
				CLANG_WARN_OBJC_IMPLICIT_RETAIN_SELF = YES;
				CLANG_WARN_OBJC_LITERAL_CONVERSION = YES;
				CLANG_WARN_OBJC_ROOT_CLASS = YES_ERROR;
				CLANG_WARN_QUOTED_INCLUDE_IN_FRAMEWORK_HEADER = YES;
				CLANG_WARN_RANGE_LOOP_ANALYSIS = YES;
				CLANG_WARN_STRICT_PROTOTYPES = YES;
				CLANG_WARN_SUSPICIOUS_MOVE = YES;
				CLANG_WARN_UNGUARDED_AVAILABILITY = YES_AGGRESSIVE;
				CLANG_WARN_UNREACHABLE_CODE = YES;
				CLANG_WARN__DUPLICATE_METHOD_MATCH = YES;
				COPY_PHASE_STRIP = NO;
				DEBUG_INFORMATION_FORMAT = "dwarf-with-dsym";
				ENABLE_NS_ASSERTIONS = NO;
				ENABLE_STRICT_OBJC_MSGSEND = YES;
				GCC_C_LANGUAGE_STANDARD = gnu11;
				GCC_NO_COMMON_BLOCKS = YES;
				GCC_WARN_64_TO_32_BIT_CONVERSION = YES;
				GCC_WARN_ABOUT_RETURN_TYPE = YES_ERROR;
				GCC_WARN_UNDECLARED_SELECTOR = YES;
				GCC_WARN_UNINITIALIZED_AUTOS = YES_AGGRESSIVE;
				GCC_WARN_UNUSED_FUNCTION = YES;
				GCC_WARN_UNUSED_VARIABLE = YES;
				IPHONEOS_DEPLOYMENT_TARGET = 13.6;
				MTL_ENABLE_DEBUG_INFO = NO;
				MTL_FAST_MATH = YES;
				SDKROOT = iphoneos;
				SWIFT_COMPILATION_MODE = wholemodule;
				SWIFT_OPTIMIZATION_LEVEL = "-O";
				VALIDATE_PRODUCT = YES;
			};
			name = Release;
		};
		16712A8524E472620010967B /* Debug */ = {
			isa = XCBuildConfiguration;
			buildSettings = {
				ASSETCATALOG_COMPILER_APPICON_NAME = AppIcon;
				CODE_SIGN_STYLE = Automatic;
				DEVELOPMENT_ASSET_PATHS = "\"Catfish/Preview Content\"";
				DEVELOPMENT_TEAM = 69UC8A8VYM;
				ENABLE_PREVIEWS = YES;
				INFOPLIST_FILE = Catfish/Info.plist;
				LD_RUNPATH_SEARCH_PATHS = (
					"$(inherited)",
					"@executable_path/Frameworks",
				);
				PRODUCT_BUNDLE_IDENTIFIER = com.YFApps.Catfish;
				PRODUCT_NAME = "$(TARGET_NAME)";
				SWIFT_VERSION = 5.0;
				TARGETED_DEVICE_FAMILY = "1,2";
			};
			name = Debug;
		};
		16712A8624E472620010967B /* Release */ = {
			isa = XCBuildConfiguration;
			buildSettings = {
				ASSETCATALOG_COMPILER_APPICON_NAME = AppIcon;
				CODE_SIGN_STYLE = Automatic;
				DEVELOPMENT_ASSET_PATHS = "\"Catfish/Preview Content\"";
				DEVELOPMENT_TEAM = 69UC8A8VYM;
				ENABLE_PREVIEWS = YES;
				INFOPLIST_FILE = Catfish/Info.plist;
				LD_RUNPATH_SEARCH_PATHS = (
					"$(inherited)",
					"@executable_path/Frameworks",
				);
				PRODUCT_BUNDLE_IDENTIFIER = com.YFApps.Catfish;
				PRODUCT_NAME = "$(TARGET_NAME)";
				SWIFT_VERSION = 5.0;
				TARGETED_DEVICE_FAMILY = "1,2";
			};
			name = Release;
		};
/* End XCBuildConfiguration section */

/* Begin XCConfigurationList section */
		16712A6824E472610010967B /* Build configuration list for PBXProject "Catfish" */ = {
			isa = XCConfigurationList;
			buildConfigurations = (
				16712A8224E472620010967B /* Debug */,
				16712A8324E472620010967B /* Release */,
			);
			defaultConfigurationIsVisible = 0;
			defaultConfigurationName = Release;
		};
		16712A8424E472620010967B /* Build configuration list for PBXNativeTarget "Catfish" */ = {
			isa = XCConfigurationList;
			buildConfigurations = (
				16712A8524E472620010967B /* Debug */,
				16712A8624E472620010967B /* Release */,
			);
			defaultConfigurationIsVisible = 0;
			defaultConfigurationName = Release;
		};
/* End XCConfigurationList section */

/* Begin XCVersionGroup section */
		16712A7424E472610010967B /* Catfish.xcdatamodeld */ = {
			isa = XCVersionGroup;
			children = (
				16712A7524E472610010967B /* Catfish.xcdatamodel */,
			);
			currentVersion = 16712A7524E472610010967B /* Catfish.xcdatamodel */;
			path = Catfish.xcdatamodeld;
			sourceTree = "<group>";
			versionGroupType = wrapper.xcdatamodel;
		};
/* End XCVersionGroup section */
	};
	rootObject = 16712A6524E472610010967B /* Project object */;
}
